
Microsoft Visual Studio Solution File, Format Version 12.00
# Visual Studio 15
VisualStudioVersion = 15.0.28307.1022
MinimumVisualStudioVersion = 10.0.40219.1
Project("{FAE04EC0-301F-11D3-BF4B-00C04F79EFBC}") = "video_player", "video_player\video_player.csproj", "{C1895824-9472-4EFE-9515-84AE67BE1B1B}"
EndProject
Global
	GlobalSection(SolutionConfigurationPlatforms) = preSolution
		Debug|Any CPU = Debug|Any CPU
		Release|Any CPU = Release|Any CPU
	EndGlobalSection
	GlobalSection(ProjectConfigurationPlatforms) = postSolution
		{C1895824-9472-4EFE-9515-84AE67BE1B1B}.Debug|Any CPU.ActiveCfg = Debug|Any CPU
		{C1895824-9472-4EFE-9515-84AE67BE1B1B}.Debug|Any CPU.Build.0 = Debug|Any CPU
		{C1895824-9472-4EFE-9515-84AE67BE1B1B}.Release|Any CPU.ActiveCfg = Release|Any CPU
		{C1895824-9472-4EFE-9515-84AE67BE1B1B}.Release|Any CPU.Build.0 = Release|Any CPU
	EndGlobalSection
	GlobalSection(SolutionProperties) = preSolution
		HideSolutionNode = FALSE
	EndGlobalSection
	GlobalSection(ExtensibilityGlobals) = postSolution
		SolutionGuid = {4211DD08-E029-414D-B1FE-0BF62497C5A1}
	EndGlobalSection
EndGlobal
